
Microsoft Visual Studio Solution File, Format Version 12.00
# Visual Studio Version 17
VisualStudioVersion = 17.10.34916.146
MinimumVisualStudioVersion = 10.0.40219.1
Project("{9A19103F-16F7-4668-BE54-9A1E7A4F7556}") = "MathUniter", "MathUniter\MathUniter.csproj", "{3F0F0D95-3720-4AEB-8F74-B430BA5B201D}"
EndProject
Project("{9A19103F-16F7-4668-BE54-9A1E7A4F7556}") = "MathTests", "MathTests\MathTests.csproj", "{21767891-0FFB-4382-B748-3BFFB73BCC6F}"
EndProject
Project("{9A19103F-16F7-4668-BE54-9A1E7A4F7556}") = "UniterEntity", "UniterEntity\UniterEntity.csproj", "{0F930567-7579-442E-8E19-E19F4DF2E2B1}"
EndProject
Project("{FAE04EC0-301F-11D3-BF4B-00C04F79EFBC}") = "UniterEntityTests", "UniterEntityTests\UniterEntityTests.csproj", "{CDA3BB04-5A63-4A08-95E6-B0622926926B}"
EndProject
Global
	GlobalSection(SolutionConfigurationPlatforms) = preSolution
		Debug|Any CPU = Debug|Any CPU
		Release|Any CPU = Release|Any CPU
	EndGlobalSection
	GlobalSection(ProjectConfigurationPlatforms) = postSolution
		{3F0F0D95-3720-4AEB-8F74-B430BA5B201D}.Debug|Any CPU.ActiveCfg = Debug|Any CPU
		{3F0F0D95-3720-4AEB-8F74-B430BA5B201D}.Debug|Any CPU.Build.0 = Debug|Any CPU
		{3F0F0D95-3720-4AEB-8F74-B430BA5B201D}.Release|Any CPU.ActiveCfg = Release|Any CPU
		{3F0F0D95-3720-4AEB-8F74-B430BA5B201D}.Release|Any CPU.Build.0 = Release|Any CPU
		{21767891-0FFB-4382-B748-3BFFB73BCC6F}.Debug|Any CPU.ActiveCfg = Debug|Any CPU
		{21767891-0FFB-4382-B748-3BFFB73BCC6F}.Debug|Any CPU.Build.0 = Debug|Any CPU
		{21767891-0FFB-4382-B748-3BFFB73BCC6F}.Release|Any CPU.ActiveCfg = Release|Any CPU
		{21767891-0FFB-4382-B748-3BFFB73BCC6F}.Release|Any CPU.Build.0 = Release|Any CPU
		{0F930567-7579-442E-8E19-E19F4DF2E2B1}.Debug|Any CPU.ActiveCfg = Debug|Any CPU
		{0F930567-7579-442E-8E19-E19F4DF2E2B1}.Debug|Any CPU.Build.0 = Debug|Any CPU
		{0F930567-7579-442E-8E19-E19F4DF2E2B1}.Release|Any CPU.ActiveCfg = Release|Any CPU
		{0F930567-7579-442E-8E19-E19F4DF2E2B1}.Release|Any CPU.Build.0 = Release|Any CPU
		{CDA3BB04-5A63-4A08-95E6-B0622926926B}.Debug|Any CPU.ActiveCfg = Debug|Any CPU
		{CDA3BB04-5A63-4A08-95E6-B0622926926B}.Debug|Any CPU.Build.0 = Debug|Any CPU
		{CDA3BB04-5A63-4A08-95E6-B0622926926B}.Release|Any CPU.ActiveCfg = Release|Any CPU
		{CDA3BB04-5A63-4A08-95E6-B0622926926B}.Release|Any CPU.Build.0 = Release|Any CPU
	EndGlobalSection
	GlobalSection(SolutionProperties) = preSolution
		HideSolutionNode = FALSE
	EndGlobalSection
	GlobalSection(ExtensibilityGlobals) = postSolution
		SolutionGuid = {2FC9E8B4-F042-487F-95E9-E5B751FADDC5}
	EndGlobalSection
EndGlobal
